// !$*UTF8*$!
{
	archiveVersion = 1;
	classes = {
	};
	objectVersion = 46;
	objects = {

/* Begin PBXBuildFile section */
		912444701A993DB600784725 /* main.m in Sources */ = {isa = PBXBuildFile; fileRef = 9124446F1A993DB600784725 /* main.m */; };
		912444731A993DB600784725 /* AppDelegate.m in Sources */ = {isa = PBXBuildFile; fileRef = 912444721A993DB600784725 /* AppDelegate.m */; };
		912444761A993DB600784725 /* ViewController.m in Sources */ = {isa = PBXBuildFile; fileRef = 912444751A993DB600784725 /* ViewController.m */; };
		912444791A993DB600784725 /* Main.storyboard in Resources */ = {isa = PBXBuildFile; fileRef = 912444771A993DB600784725 /* Main.storyboard */; };
		9124447B1A993DB600784725 /* Images.xcassets in Resources */ = {isa = PBXBuildFile; fileRef = 9124447A1A993DB600784725 /* Images.xcassets */; };
		9124447E1A993DB600784725 /* LaunchScreen.xib in Resources */ = {isa = PBXBuildFile; fileRef = 9124447C1A993DB600784725 /* LaunchScreen.xib */; };
		9124448A1A993DB700784725 /* SoundFlashTests.m in Sources */ = {isa = PBXBuildFile; fileRef = 912444891A993DB700784725 /* SoundFlashTests.m */; };
		916E93021A99B93300304022 /* iTunesArtwork@2x copy.png in Resources */ = {isa = PBXBuildFile; fileRef = 916E93011A99B93300304022 /* iTunesArtwork@2x copy.png */; };
/* End PBXBuildFile section */

/* Begin PBXContainerItemProxy section */
		912444841A993DB600784725 /* PBXContainerItemProxy */ = {
			isa = PBXContainerItemProxy;
			containerPortal = 912444621A993DB600784725 /* Project object */;
			proxyType = 1;
			remoteGlobalIDString = 912444691A993DB600784725;
			remoteInfo = SoundFlash;
		};
/* End PBXContainerItemProxy section */

/* Begin PBXFileReference section */
		9124446A1A993DB600784725 /* SoundFlash.app */ = {isa = PBXFileReference; explicitFileType = wrapper.application; includeInIndex = 0; path = SoundFlash.app; sourceTree = BUILT_PRODUCTS_DIR; };
		9124446E1A993DB600784725 /* Info.plist */ = {isa = PBXFileReference; lastKnownFileType = text.plist.xml; path = Info.plist; sourceTree = "<group>"; };
		9124446F1A993DB600784725 /* main.m */ = {isa = PBXFileReference; lastKnownFileType = sourcecode.c.objc; path = main.m; sourceTree = "<group>"; };
		912444711A993DB600784725 /* AppDelegate.h */ = {isa = PBXFileReference; lastKnownFileType = sourcecode.c.h; path = AppDelegate.h; sourceTree = "<group>"; };
		912444721A993DB600784725 /* AppDelegate.m */ = {isa = PBXFileReference; lastKnownFileType = sourcecode.c.objc; path = AppDelegate.m; sourceTree = "<group>"; };
		912444741A993DB600784725 /* ViewController.h */ = {isa = PBXFileReference; lastKnownFileType = sourcecode.c.h; path = ViewController.h; sourceTree = "<group>"; };
		912444751A993DB600784725 /* ViewController.m */ = {isa = PBXFileReference; lastKnownFileType = sourcecode.c.objc; path = ViewController.m; sourceTree = "<group>"; };
		912444781A993DB600784725 /* Base */ = {isa = PBXFileReference; lastKnownFileType = file.storyboard; name = Base; path = Base.lproj/Main.storyboard; sourceTree = "<group>"; };
		9124447A1A993DB600784725 /* Images.xcassets */ = {isa = PBXFileReference; lastKnownFileType = folder.assetcatalog; path = Images.xcassets; sourceTree = "<group>"; };
		9124447D1A993DB600784725 /* Base */ = {isa = PBXFileReference; lastKnownFileType = file.xib; name = Base; path = Base.lproj/LaunchScreen.xib; sourceTree = "<group>"; };
		912444831A993DB600784725 /* SoundFlashTests.xctest */ = {isa = PBXFileReference; explicitFileType = wrapper.cfbundle; includeInIndex = 0; path = SoundFlashTests.xctest; sourceTree = BUILT_PRODUCTS_DIR; };
		912444881A993DB600784725 /* Info.plist */ = {isa = PBXFileReference; lastKnownFileType = text.plist.xml; path = Info.plist; sourceTree = "<group>"; };
		912444891A993DB700784725 /* SoundFlashTests.m */ = {isa = PBXFileReference; lastKnownFileType = sourcecode.c.objc; path = SoundFlashTests.m; sourceTree = "<group>"; };
		916E93011A99B93300304022 /* iTunesArtwork@2x copy.png */ = {isa = PBXFileReference; lastKnownFileType = image.png; path = "iTunesArtwork@2x copy.png"; sourceTree = "<group>"; };
/* End PBXFileReference section */

/* Begin PBXFrameworksBuildPhase section */
		912444671A993DB600784725 /* Frameworks */ = {
			isa = PBXFrameworksBuildPhase;
			buildActionMask = 2147483647;
			files = (
			);
			runOnlyForDeploymentPostprocessing = 0;
		};
		912444801A993DB600784725 /* Frameworks */ = {
			isa = PBXFrameworksBuildPhase;
			buildActionMask = 2147483647;
			files = (
			);
			runOnlyForDeploymentPostprocessing = 0;
		};
/* End PBXFrameworksBuildPhase section */

/* Begin PBXGroup section */
		912444611A993DB600784725 = {
			isa = PBXGroup;
			children = (
				9124446C1A993DB600784725 /* SoundFlash */,
				912444861A993DB600784725 /* SoundFlashTests */,
				9124446B1A993DB600784725 /* Products */,
			);
			sourceTree = "<group>";
		};
		9124446B1A993DB600784725 /* Products */ = {
			isa = PBXGroup;
			children = (
				9124446A1A993DB600784725 /* SoundFlash.app */,
				912444831A993DB600784725 /* SoundFlashTests.xctest */,
			);
			name = Products;
			sourceTree = "<group>";
		};
		9124446C1A993DB600784725 /* SoundFlash */ = {
			isa = PBXGroup;
			children = (
				916E93011A99B93300304022 /* iTunesArtwork@2x copy.png */,
				912444711A993DB600784725 /* AppDelegate.h */,
				912444721A993DB600784725 /* AppDelegate.m */,
				912444741A993DB600784725 /* ViewController.h */,
				912444751A993DB600784725 /* ViewController.m */,
				912444771A993DB600784725 /* Main.storyboard */,
				9124447A1A993DB600784725 /* Images.xcassets */,
				9124447C1A993DB600784725 /* LaunchScreen.xib */,
				9124446D1A993DB600784725 /* Supporting Files */,
			);
			path = SoundFlash;
			sourceTree = "<group>";
		};
		9124446D1A993DB600784725 /* Supporting Files */ = {
			isa = PBXGroup;
			children = (
				9124446E1A993DB600784725 /* Info.plist */,
				9124446F1A993DB600784725 /* main.m */,
			);
			name = "Supporting Files";
			sourceTree = "<group>";
		};
		912444861A993DB600784725 /* SoundFlashTests */ = {
			isa = PBXGroup;
			children = (
				912444891A993DB700784725 /* SoundFlashTests.m */,
				912444871A993DB600784725 /* Supporting Files */,
			);
			path = SoundFlashTests;
			sourceTree = "<group>";
		};
		912444871A993DB600784725 /* Supporting Files */ = {
			isa = PBXGroup;
			children = (
				912444881A993DB600784725 /* Info.plist */,
			);
			name = "Supporting Files";
			sourceTree = "<group>";
		};
/* End PBXGroup section */

/* Begin PBXNativeTarget section */
		912444691A993DB600784725 /* SoundFlash */ = {
			isa = PBXNativeTarget;
			buildConfigurationList = 9124448D1A993DB700784725 /* Build configuration list for PBXNativeTarget "SoundFlash" */;
			buildPhases = (
				912444661A993DB600784725 /* Sources */,
				912444671A993DB600784725 /* Frameworks */,
				912444681A993DB600784725 /* Resources */,
			);
			buildRules = (
			);
			dependencies = (
			);
			name = SoundFlash;
			productName = SoundFlash;
			productReference = 9124446A1A993DB600784725 /* SoundFlash.app */;
			productType = "com.apple.product-type.application";
		};
		912444821A993DB600784725 /* SoundFlashTests */ = {
			isa = PBXNativeTarget;
			buildConfigurationList = 912444901A993DB700784725 /* Build configuration list for PBXNativeTarget "SoundFlashTests" */;
			buildPhases = (
				9124447F1A993DB600784725 /* Sources */,
				912444801A993DB600784725 /* Frameworks */,
				912444811A993DB600784725 /* Resources */,
			);
			buildRules = (
			);
			dependencies = (
				912444851A993DB600784725 /* PBXTargetDependency */,
			);
			name = SoundFlashTests;
			productName = SoundFlashTests;
			productReference = 912444831A993DB600784725 /* SoundFlashTests.xctest */;
			productType = "com.apple.product-type.bundle.unit-test";
		};
/* End PBXNativeTarget section */

/* Begin PBXProject section */
		912444621A993DB600784725 /* Project object */ = {
			isa = PBXProject;
			attributes = {
				LastUpgradeCheck = 0610;
				ORGANIZATIONNAME = "Bernard Xie";
				TargetAttributes = {
					912444691A993DB600784725 = {
						CreatedOnToolsVersion = 6.1.1;
						DevelopmentTeam = 2S3D8J8M3T;
					};
					912444821A993DB600784725 = {
						CreatedOnToolsVersion = 6.1.1;
						TestTargetID = 912444691A993DB600784725;
					};
				};
			};
			buildConfigurationList = 912444651A993DB600784725 /* Build configuration list for PBXProject "SoundFlash" */;
			compatibilityVersion = "Xcode 3.2";
			developmentRegion = English;
			hasScannedForEncodings = 0;
			knownRegions = (
				en,
				Base,
			);
			mainGroup = 912444611A993DB600784725;
			productRefGroup = 9124446B1A993DB600784725 /* Products */;
			projectDirPath = "";
			projectRoot = "";
			targets = (
				912444691A993DB600784725 /* SoundFlash */,
				912444821A993DB600784725 /* SoundFlashTests */,
			);
		};
/* End PBXProject section */

/* Begin PBXResourcesBuildPhase section */
		912444681A993DB600784725 /* Resources */ = {
			isa = PBXResourcesBuildPhase;
			buildActionMask = 2147483647;
			files = (
				912444791A993DB600784725 /* Main.storyboard in Resources */,
				9124447E1A993DB600784725 /* LaunchScreen.xib in Resources */,
				9124447B1A993DB600784725 /* Images.xcassets in Resources */,
				916E93021A99B93300304022 /* iTunesArtwork@2x copy.png in Resources */,
			);
			runOnlyForDeploymentPostprocessing = 0;
		};
		912444811A993DB600784725 /* Resources */ = {
			isa = PBXResourcesBuildPhase;
			buildActionMask = 2147483647;
			files = (
			);
			runOnlyForDeploymentPostprocessing = 0;
		};
/* End PBXResourcesBuildPhase section */

/* Begin PBXSourcesBuildPhase section */
		912444661A993DB600784725 /* Sources */ = {
			isa = PBXSourcesBuildPhase;
			buildActionMask = 2147483647;
			files = (
				912444761A993DB600784725 /* ViewController.m in Sources */,
				912444731A993DB600784725 /* AppDelegate.m in Sources */,
				912444701A993DB600784725 /* main.m in Sources */,
			);
			runOnlyForDeploymentPostprocessing = 0;
		};
		9124447F1A993DB600784725 /* Sources */ = {
			isa = PBXSourcesBuildPhase;
			buildActionMask = 2147483647;
			files = (
				9124448A1A993DB700784725 /* SoundFlashTests.m in Sources */,
			);
			runOnlyForDeploymentPostprocessing = 0;
		};
/* End PBXSourcesBuildPhase section */

/* Begin PBXTargetDependency section */
		912444851A993DB600784725 /* PBXTargetDependency */ = {
			isa = PBXTargetDependency;
			target = 912444691A993DB600784725 /* SoundFlash */;
			targetProxy = 912444841A993DB600784725 /* PBXContainerItemProxy */;
		};
/* End PBXTargetDependency section */

/* Begin PBXVariantGroup section */
		912444771A993DB600784725 /* Main.storyboard */ = {
			isa = PBXVariantGroup;
			children = (
				912444781A993DB600784725 /* Base */,
			);
			name = Main.storyboard;
			sourceTree = "<group>";
		};
		9124447C1A993DB600784725 /* LaunchScreen.xib */ = {
			isa = PBXVariantGroup;
			children = (
				9124447D1A993DB600784725 /* Base */,
			);
			name = LaunchScreen.xib;
			sourceTree = "<group>";
		};
/* End PBXVariantGroup section */

/* Begin XCBuildConfiguration section */
		9124448B1A993DB700784725 /* Debug */ = {
			isa = XCBuildConfiguration;
			buildSettings = {
				ALWAYS_SEARCH_USER_PATHS = NO;
				CLANG_CXX_LANGUAGE_STANDARD = "gnu++0x";
				CLANG_CXX_LIBRARY = "libc++";
				CLANG_ENABLE_MODULES = YES;
				CLANG_ENABLE_OBJC_ARC = YES;
				CLANG_WARN_BOOL_CONVERSION = YES;
				CLANG_WARN_CONSTANT_CONVERSION = YES;
				CLANG_WARN_DIRECT_OBJC_ISA_USAGE = YES_ERROR;
				CLANG_WARN_EMPTY_BODY = YES;
				CLANG_WARN_ENUM_CONVERSION = YES;
				CLANG_WARN_INT_CONVERSION = YES;
				CLANG_WARN_OBJC_ROOT_CLASS = YES_ERROR;
				CLANG_WARN_UNREACHABLE_CODE = YES;
				CLANG_WARN__DUPLICATE_METHOD_MATCH = YES;
				"CODE_SIGN_IDENTITY[sdk=iphoneos*]" = "iPhone Developer";
				COPY_PHASE_STRIP = NO;
				ENABLE_STRICT_OBJC_MSGSEND = YES;
				GCC_C_LANGUAGE_STANDARD = gnu99;
				GCC_DYNAMIC_NO_PIC = NO;
				GCC_OPTIMIZATION_LEVEL = 0;
				GCC_PREPROCESSOR_DEFINITIONS = (
					"DEBUG=1",
					"$(inherited)",
				);
				GCC_SYMBOLS_PRIVATE_EXTERN = NO;
				GCC_WARN_64_TO_32_BIT_CONVERSION = YES;
				GCC_WARN_ABOUT_RETURN_TYPE = YES_ERROR;
				GCC_WARN_UNDECLARED_SELECTOR = YES;
				GCC_WARN_UNINITIALIZED_AUTOS = YES_AGGRESSIVE;
				GCC_WARN_UNUSED_FUNCTION = YES;
				GCC_WARN_UNUSED_VARIABLE = YES;
				IPHONEOS_DEPLOYMENT_TARGET = 8.1;
				MTL_ENABLE_DEBUG_INFO = YES;
				ONLY_ACTIVE_ARCH = YES;
				SDKROOT = iphoneos;
			};
			name = Debug;
		};
		9124448C1A993DB700784725 /* Release */ = {
			isa = XCBuildConfiguration;
			buildSettings = {
				ALWAYS_SEARCH_USER_PATHS = NO;
				CLANG_CXX_LANGUAGE_STANDARD = "gnu++0x";
				CLANG_CXX_LIBRARY = "libc++";
				CLANG_ENABLE_MODULES = YES;
				CLANG_ENABLE_OBJC_ARC = YES;
				CLANG_WARN_BOOL_CONVERSION = YES;
				CLANG_WARN_CONSTANT_CONVERSION = YES;
				CLANG_WARN_DIRECT_OBJC_ISA_USAGE = YES_ERROR;
				CLANG_WARN_EMPTY_BODY = YES;
				CLANG_WARN_ENUM_CONVERSION = YES;
				CLANG_WARN_INT_CONVERSION = YES;
				CLANG_WARN_OBJC_ROOT_CLASS = YES_ERROR;
				CLANG_WARN_UNREACHABLE_CODE = YES;
				CLANG_WARN__DUPLICATE_METHOD_MATCH = YES;
				"CODE_SIGN_IDENTITY[sdk=iphoneos*]" = "iPhone Developer";
				COPY_PHASE_STRIP = YES;
				ENABLE_NS_ASSERTIONS = NO;
				ENABLE_STRICT_OBJC_MSGSEND = YES;
				GCC_C_LANGUAGE_STANDARD = gnu99;
				GCC_WARN_64_TO_32_BIT_CONVERSION = YES;
				GCC_WARN_ABOUT_RETURN_TYPE = YES_ERROR;
				GCC_WARN_UNDECLARED_SELECTOR = YES;
				GCC_WARN_UNINITIALIZED_AUTOS = YES_AGGRESSIVE;
				GCC_WARN_UNUSED_FUNCTION = YES;
				GCC_WARN_UNUSED_VARIABLE = YES;
				IPHONEOS_DEPLOYMENT_TARGET = 8.1;
				MTL_ENABLE_DEBUG_INFO = NO;
				SDKROOT = iphoneos;
				VALIDATE_PRODUCT = YES;
			};
			name = Release;
		};
		9124448E1A993DB700784725 /* Debug */ = {
			isa = XCBuildConfiguration;
			buildSettings = {
				ASSETCATALOG_COMPILER_APPICON_NAME = AppIcon;
				CODE_SIGN_IDENTITY = "iPhone Developer";
				"CODE_SIGN_IDENTITY[sdk=iphoneos*]" = "iPhone Developer";
				INFOPLIST_FILE = SoundFlash/Info.plist;
				IPHONEOS_DEPLOYMENT_TARGET = 7.0;
				LD_RUNPATH_SEARCH_PATHS = "$(inherited) @executable_path/Frameworks";
				PRODUCT_NAME = "$(TARGET_NAME)";
				PROVISIONING_PROFILE = "";
			};
			name = Debug;
		};
		9124448F1A993DB700784725 /* Release */ = {
			isa = XCBuildConfiguration;
			buildSettings = {
				ASSETCATALOG_COMPILER_APPICON_NAME = AppIcon;
				CODE_SIGN_IDENTITY = "iPhone Developer";
				"CODE_SIGN_IDENTITY[sdk=iphoneos*]" = "iPhone Developer";
				INFOPLIST_FILE = SoundFlash/Info.plist;
				IPHONEOS_DEPLOYMENT_TARGET = 7.0;
				LD_RUNPATH_SEARCH_PATHS = "$(inherited) @executable_path/Frameworks";
				PRODUCT_NAME = "$(TARGET_NAME)";
				PROVISIONING_PROFILE = "";
			};
			name = Release;
		};
		912444911A993DB700784725 /* Debug */ = {
			isa = XCBuildConfiguration;
			buildSettings = {
				BUNDLE_LOADER = "$(TEST_HOST)";
				FRAMEWORK_SEARCH_PATHS = (
					"$(SDKROOT)/Developer/Library/Frameworks",
					"$(inherited)",
				);
				GCC_PREPROCESSOR_DEFINITIONS = (
					"DEBUG=1",
					"$(inherited)",
				);
				INFOPLIST_FILE = SoundFlashTests/Info.plist;
				LD_RUNPATH_SEARCH_PATHS = "$(inherited) @executable_path/Frameworks @loader_path/Frameworks";
				PRODUCT_NAME = "$(TARGET_NAME)";
				TEST_HOST = "$(BUILT_PRODUCTS_DIR)/SoundFlash.app/SoundFlash";
			};
			name = Debug;
		};
		912444921A993DB700784725 /* Release */ = {
			isa = XCBuildConfiguration;
			buildSettings = {
				BUNDLE_LOADER = "$(TEST_HOST)";
				FRAMEWORK_SEARCH_PATHS = (
					"$(SDKROOT)/Developer/Library/Frameworks",
					"$(inherited)",
				);
				INFOPLIST_FILE = SoundFlashTests/Info.plist;
				LD_RUNPATH_SEARCH_PATHS = "$(inherited) @executable_path/Frameworks @loader_path/Frameworks";
				PRODUCT_NAME = "$(TARGET_NAME)";
				TEST_HOST = "$(BUILT_PRODUCTS_DIR)/SoundFlash.app/SoundFlash";
			};
			name = Release;
		};
/* End XCBuildConfiguration section */

/* Begin XCConfigurationList section */
		912444651A993DB600784725 /* Build configuration list for PBXProject "SoundFlash" */ = {
			isa = XCConfigurationList;
			buildConfigurations = (
				9124448B1A993DB700784725 /* Debug */,
				9124448C1A993DB700784725 /* Release */,
			);
			defaultConfigurationIsVisible = 0;
			defaultConfigurationName = Release;
		};
		9124448D1A993DB700784725 /* Build configuration list for PBXNativeTarget "SoundFlash" */ = {
			isa = XCConfigurationList;
			buildConfigurations = (
				9124448E1A993DB700784725 /* Debug */,
				9124448F1A993DB700784725 /* Release */,
			);
			defaultConfigurationIsVisible = 0;
			defaultConfigurationName = Release;
		};
		912444901A993DB700784725 /* Build configuration list for PBXNativeTarget "SoundFlashTests" */ = {
			isa = XCConfigurationList;
			buildConfigurations = (
				912444911A993DB700784725 /* Debug */,
				912444921A993DB700784725 /* Release */,
			);
			defaultConfigurationIsVisible = 0;
			defaultConfigurationName = Release;
		};
/* End XCConfigurationList section */
	};
	rootObject = 912444621A993DB600784725 /* Project object */;
}
